
Microsoft Visual Studio Solution File, Format Version 12.00
# Visual Studio Version 17
VisualStudioVersion = 17.4.33122.133
MinimumVisualStudioVersion = 10.0.40219.1
Project("{FAE04EC0-301F-11D3-BF4B-00C04F79EFBC}") = "LocalStorage", "LocalStorage\LocalStorage.csproj", "{C5BA5E99-ABCC-4C08-8455-EC7E8DF27532}"
EndProject
Global
	GlobalSection(SolutionConfigurationPlatforms) = preSolution
		Debug|Any CPU = Debug|Any CPU
		Release|Any CPU = Release|Any CPU
	EndGlobalSection
	GlobalSection(ProjectConfigurationPlatforms) = postSolution
		{C5BA5E99-ABCC-4C08-8455-EC7E8DF27532}.Debug|Any CPU.ActiveCfg = Debug|Any CPU
		{C5BA5E99-ABCC-4C08-8455-EC7E8DF27532}.Debug|Any CPU.Build.0 = Debug|Any CPU
		{C5BA5E99-ABCC-4C08-8455-EC7E8DF27532}.Release|Any CPU.ActiveCfg = Release|Any CPU
		{C5BA5E99-ABCC-4C08-8455-EC7E8DF27532}.Release|Any CPU.Build.0 = Release|Any CPU
	EndGlobalSection
	GlobalSection(SolutionProperties) = preSolution
		HideSolutionNode = FALSE
	EndGlobalSection
	GlobalSection(ExtensibilityGlobals) = postSolution
		SolutionGuid = {4835E6EB-0BA6-4838-9708-54BC28957200}
	EndGlobalSection
EndGlobal
